
Microsoft Visual Studio Solution File, Format Version 12.00
# Visual Studio Version 16
VisualStudioVersion = 16.0.29123.88
MinimumVisualStudioVersion = 10.0.40219.1
Project("{FAE04EC0-301F-11D3-BF4B-00C04F79EFBC}") = "Internal.Api", "Internal.Api\Internal.Api.csproj", "{404E6CD8-816F-4A0C-BF1C-A334E9A51B1C}"
EndProject
Project("{9A19103F-16F7-4668-BE54-9A1E7A4F7556}") = "Internal.Models", "Internal.Models\Internal.Models.csproj", "{C6B78752-ED2E-4E56-9EDB-D0CEB64D586E}"
EndProject
Project("{9A19103F-16F7-4668-BE54-9A1E7A4F7556}") = "Internal.Repository", "Internal.Repository\Internal.Repository.csproj", "{ACAFFCB1-CD96-4920-B0FB-B2B3BC9A96A9}"
EndProject
Project("{9A19103F-16F7-4668-BE54-9A1E7A4F7556}") = "Internal.Services", "Internal.Services\Internal.Services.csproj", "{7C38A857-5E86-4EA5-9206-14DEC06D1D6C}"
EndProject
Project("{FAE04EC0-301F-11D3-BF4B-00C04F79EFBC}") = "Internal.UnitTests", "Internal.UnitTests\Internal.UnitTests.csproj", "{BF939A3D-42A0-4915-AF40-C0971825963C}"
EndProject
Global
	GlobalSection(SolutionConfigurationPlatforms) = preSolution
		Debug|Any CPU = Debug|Any CPU
		Release|Any CPU = Release|Any CPU
	EndGlobalSection
	GlobalSection(ProjectConfigurationPlatforms) = postSolution
		{404E6CD8-816F-4A0C-BF1C-A334E9A51B1C}.Debug|Any CPU.ActiveCfg = Debug|Any CPU
		{404E6CD8-816F-4A0C-BF1C-A334E9A51B1C}.Debug|Any CPU.Build.0 = Debug|Any CPU
		{404E6CD8-816F-4A0C-BF1C-A334E9A51B1C}.Release|Any CPU.ActiveCfg = Release|Any CPU
		{404E6CD8-816F-4A0C-BF1C-A334E9A51B1C}.Release|Any CPU.Build.0 = Release|Any CPU
		{C6B78752-ED2E-4E56-9EDB-D0CEB64D586E}.Debug|Any CPU.ActiveCfg = Debug|Any CPU
		{C6B78752-ED2E-4E56-9EDB-D0CEB64D586E}.Debug|Any CPU.Build.0 = Debug|Any CPU
		{C6B78752-ED2E-4E56-9EDB-D0CEB64D586E}.Release|Any CPU.ActiveCfg = Release|Any CPU
		{C6B78752-ED2E-4E56-9EDB-D0CEB64D586E}.Release|Any CPU.Build.0 = Release|Any CPU
		{ACAFFCB1-CD96-4920-B0FB-B2B3BC9A96A9}.Debug|Any CPU.ActiveCfg = Debug|Any CPU
		{ACAFFCB1-CD96-4920-B0FB-B2B3BC9A96A9}.Debug|Any CPU.Build.0 = Debug|Any CPU
		{ACAFFCB1-CD96-4920-B0FB-B2B3BC9A96A9}.Release|Any CPU.ActiveCfg = Release|Any CPU
		{ACAFFCB1-CD96-4920-B0FB-B2B3BC9A96A9}.Release|Any CPU.Build.0 = Release|Any CPU
		{7C38A857-5E86-4EA5-9206-14DEC06D1D6C}.Debug|Any CPU.ActiveCfg = Debug|Any CPU
		{7C38A857-5E86-4EA5-9206-14DEC06D1D6C}.Debug|Any CPU.Build.0 = Debug|Any CPU
		{7C38A857-5E86-4EA5-9206-14DEC06D1D6C}.Release|Any CPU.ActiveCfg = Release|Any CPU
		{7C38A857-5E86-4EA5-9206-14DEC06D1D6C}.Release|Any CPU.Build.0 = Release|Any CPU
		{BF939A3D-42A0-4915-AF40-C0971825963C}.Debug|Any CPU.ActiveCfg = Debug|Any CPU
		{BF939A3D-42A0-4915-AF40-C0971825963C}.Debug|Any CPU.Build.0 = Debug|Any CPU
		{BF939A3D-42A0-4915-AF40-C0971825963C}.Release|Any CPU.ActiveCfg = Release|Any CPU
		{BF939A3D-42A0-4915-AF40-C0971825963C}.Release|Any CPU.Build.0 = Release|Any CPU
	EndGlobalSection
	GlobalSection(SolutionProperties) = preSolution
		HideSolutionNode = FALSE
	EndGlobalSection
	GlobalSection(ExtensibilityGlobals) = postSolution
		SolutionGuid = {E30ACFA9-65F7-4FE7-9B9B-DE327060C0A3}
	EndGlobalSection
EndGlobal
